// !$*UTF8*$!
{
	archiveVersion = 1;
	classes = {
	};
	objectVersion = 46;
	objects = {

/* Begin PBXBuildFile section */
		0CCB2FDA55548228A2EDA5D0 /* libPods-CrashSymbolicaterTests.a in Frameworks */ = {isa = PBXBuildFile; fileRef = 99B479D97A1430A0E4037881 /* libPods-CrashSymbolicaterTests.a */; };
		0E0A37861D977008002A3D6A /* MBProgressHUD.m in Sources */ = {isa = PBXBuildFile; fileRef = 0E0A37851D977008002A3D6A /* MBProgressHUD.m */; };
		0E0A37891D977015002A3D6A /* MBProgressHUD+Addition.m in Sources */ = {isa = PBXBuildFile; fileRef = 0E0A37881D977015002A3D6A /* MBProgressHUD+Addition.m */; };
		0E4AAAB61D97D84200409839 /* UmengCrashParserViewController.m in Sources */ = {isa = PBXBuildFile; fileRef = 0E4AAAB51D97D84200409839 /* UmengCrashParserViewController.m */; };
		0E65D68C1D95A374007B974D /* symbolicatecrash in Resources */ = {isa = PBXBuildFile; fileRef = 0E65D68B1D95A374007B974D /* symbolicatecrash */; };
		0E8CE77F1D96EEFA00D739F1 /* DragView.m in Sources */ = {isa = PBXBuildFile; fileRef = 0E8CE77C1D96EEFA00D739F1 /* DragView.m */; };
		0EBCCC4C1D8D57ED0057EE20 /* AppDelegate.m in Sources */ = {isa = PBXBuildFile; fileRef = 0EBCCC4B1D8D57ED0057EE20 /* AppDelegate.m */; };
		0EBCCC4F1D8D57ED0057EE20 /* main.m in Sources */ = {isa = PBXBuildFile; fileRef = 0EBCCC4E1D8D57ED0057EE20 /* main.m */; };
		0EBCCC521D8D57ED0057EE20 /* CrashSymbolicaterViewController.m in Sources */ = {isa = PBXBuildFile; fileRef = 0EBCCC511D8D57ED0057EE20 /* CrashSymbolicaterViewController.m */; };
		0EBCCC541D8D57ED0057EE20 /* Assets.xcassets in Resources */ = {isa = PBXBuildFile; fileRef = 0EBCCC531D8D57ED0057EE20 /* Assets.xcassets */; };
		0EBCCC571D8D57ED0057EE20 /* Main.storyboard in Resources */ = {isa = PBXBuildFile; fileRef = 0EBCCC551D8D57ED0057EE20 /* Main.storyboard */; };
		0EBCCC621D8D57EE0057EE20 /* CrashSymbolicaterTests.m in Sources */ = {isa = PBXBuildFile; fileRef = 0EBCCC611D8D57EE0057EE20 /* CrashSymbolicaterTests.m */; };
		0EBCCC6D1D8D57EE0057EE20 /* CrashSymbolicaterUITests.m in Sources */ = {isa = PBXBuildFile; fileRef = 0EBCCC6C1D8D57EE0057EE20 /* CrashSymbolicaterUITests.m */; };
		10DB9BBF39F1C835450AFE22 /* libPods-CrashSymbolicaterUITests.a in Frameworks */ = {isa = PBXBuildFile; fileRef = 75E5951C7CD2B625C6DD9AD3 /* libPods-CrashSymbolicaterUITests.a */; };
		861CBF28FEFE4527F997970F /* libPods-CrashSymbolicater.a in Frameworks */ = {isa = PBXBuildFile; fileRef = 3E0FA82D5AAAA30605E82602 /* libPods-CrashSymbolicater.a */; };
/* End PBXBuildFile section */

/* Begin PBXContainerItemProxy section */
		0EBCCC5E1D8D57EE0057EE20 /* PBXContainerItemProxy */ = {
			isa = PBXContainerItemProxy;
			containerPortal = 0EBCCC3F1D8D57ED0057EE20 /* Project object */;
			proxyType = 1;
			remoteGlobalIDString = 0EBCCC461D8D57ED0057EE20;
			remoteInfo = CrashSymbolicater;
		};
		0EBCCC691D8D57EE0057EE20 /* PBXContainerItemProxy */ = {
			isa = PBXContainerItemProxy;
			containerPortal = 0EBCCC3F1D8D57ED0057EE20 /* Project object */;
			proxyType = 1;
			remoteGlobalIDString = 0EBCCC461D8D57ED0057EE20;
			remoteInfo = CrashSymbolicater;
		};
/* End PBXContainerItemProxy section */

/* Begin PBXFileReference section */
		03EAF3B3F7ED4D1E790793C1 /* Pods-CrashSymbolicaterTests.debug.xcconfig */ = {isa = PBXFileReference; includeInIndex = 1; lastKnownFileType = text.xcconfig; name = "Pods-CrashSymbolicaterTests.debug.xcconfig"; path = "Pods/Target Support Files/Pods-CrashSymbolicaterTests/Pods-CrashSymbolicaterTests.debug.xcconfig"; sourceTree = "<group>"; };
		0E0A37841D977008002A3D6A /* MBProgressHUD.h */ = {isa = PBXFileReference; fileEncoding = 4; lastKnownFileType = sourcecode.c.h; path = MBProgressHUD.h; sourceTree = "<group>"; };
		0E0A37851D977008002A3D6A /* MBProgressHUD.m */ = {isa = PBXFileReference; fileEncoding = 4; lastKnownFileType = sourcecode.c.objc; path = MBProgressHUD.m; sourceTree = "<group>"; };
		0E0A37871D977015002A3D6A /* MBProgressHUD+Addition.h */ = {isa = PBXFileReference; fileEncoding = 4; lastKnownFileType = sourcecode.c.h; path = "MBProgressHUD+Addition.h"; sourceTree = "<group>"; };
		0E0A37881D977015002A3D6A /* MBProgressHUD+Addition.m */ = {isa = PBXFileReference; fileEncoding = 4; lastKnownFileType = sourcecode.c.objc; path = "MBProgressHUD+Addition.m"; sourceTree = "<group>"; };
		0E4AAAB41D97D84200409839 /* UmengCrashParserViewController.h */ = {isa = PBXFileReference; fileEncoding = 4; lastKnownFileType = sourcecode.c.h; path = UmengCrashParserViewController.h; sourceTree = "<group>"; };
		0E4AAAB51D97D84200409839 /* UmengCrashParserViewController.m */ = {isa = PBXFileReference; fileEncoding = 4; lastKnownFileType = sourcecode.c.objc; path = UmengCrashParserViewController.m; sourceTree = "<group>"; };
		0E65D68B1D95A374007B974D /* symbolicatecrash */ = {isa = PBXFileReference; fileEncoding = 4; lastKnownFileType = text.script.perl; path = symbolicatecrash; sourceTree = "<group>"; };
		0E8CE77B1D96EEFA00D739F1 /* DragView.h */ = {isa = PBXFileReference; fileEncoding = 4; lastKnownFileType = sourcecode.c.h; path = DragView.h; sourceTree = "<group>"; };
		0E8CE77C1D96EEFA00D739F1 /* DragView.m */ = {isa = PBXFileReference; fileEncoding = 4; lastKnownFileType = sourcecode.c.objc; path = DragView.m; sourceTree = "<group>"; };
		0EBCCC471D8D57ED0057EE20 /* CrashSymbolicater.app */ = {isa = PBXFileReference; explicitFileType = wrapper.application; includeInIndex = 0; path = CrashSymbolicater.app; sourceTree = BUILT_PRODUCTS_DIR; };
		0EBCCC4A1D8D57ED0057EE20 /* AppDelegate.h */ = {isa = PBXFileReference; lastKnownFileType = sourcecode.c.h; path = AppDelegate.h; sourceTree = "<group>"; };
		0EBCCC4B1D8D57ED0057EE20 /* AppDelegate.m */ = {isa = PBXFileReference; lastKnownFileType = sourcecode.c.objc; path = AppDelegate.m; sourceTree = "<group>"; };
		0EBCCC4E1D8D57ED0057EE20 /* main.m */ = {isa = PBXFileReference; lastKnownFileType = sourcecode.c.objc; path = main.m; sourceTree = "<group>"; };
		0EBCCC501D8D57ED0057EE20 /* CrashSymbolicaterViewController.h */ = {isa = PBXFileReference; lastKnownFileType = sourcecode.c.h; path = CrashSymbolicaterViewController.h; sourceTree = "<group>"; };
		0EBCCC511D8D57ED0057EE20 /* CrashSymbolicaterViewController.m */ = {isa = PBXFileReference; lastKnownFileType = sourcecode.c.objc; path = CrashSymbolicaterViewController.m; sourceTree = "<group>"; };
		0EBCCC531D8D57ED0057EE20 /* Assets.xcassets */ = {isa = PBXFileReference; lastKnownFileType = folder.assetcatalog; path = Assets.xcassets; sourceTree = "<group>"; };
		0EBCCC561D8D57ED0057EE20 /* Base */ = {isa = PBXFileReference; lastKnownFileType = file.storyboard; name = Base; path = Base.lproj/Main.storyboard; sourceTree = "<group>"; };
		0EBCCC581D8D57ED0057EE20 /* Info.plist */ = {isa = PBXFileReference; lastKnownFileType = text.plist.xml; path = Info.plist; sourceTree = "<group>"; };
		0EBCCC5D1D8D57EE0057EE20 /* CrashSymbolicaterTests.xctest */ = {isa = PBXFileReference; explicitFileType = wrapper.cfbundle; includeInIndex = 0; path = CrashSymbolicaterTests.xctest; sourceTree = BUILT_PRODUCTS_DIR; };
		0EBCCC611D8D57EE0057EE20 /* CrashSymbolicaterTests.m */ = {isa = PBXFileReference; lastKnownFileType = sourcecode.c.objc; path = CrashSymbolicaterTests.m; sourceTree = "<group>"; };
		0EBCCC631D8D57EE0057EE20 /* Info.plist */ = {isa = PBXFileReference; lastKnownFileType = text.plist.xml; path = Info.plist; sourceTree = "<group>"; };
		0EBCCC681D8D57EE0057EE20 /* CrashSymbolicaterUITests.xctest */ = {isa = PBXFileReference; explicitFileType = wrapper.cfbundle; includeInIndex = 0; path = CrashSymbolicaterUITests.xctest; sourceTree = BUILT_PRODUCTS_DIR; };
		0EBCCC6C1D8D57EE0057EE20 /* CrashSymbolicaterUITests.m */ = {isa = PBXFileReference; lastKnownFileType = sourcecode.c.objc; path = CrashSymbolicaterUITests.m; sourceTree = "<group>"; };
		0EBCCC6E1D8D57EE0057EE20 /* Info.plist */ = {isa = PBXFileReference; lastKnownFileType = text.plist.xml; path = Info.plist; sourceTree = "<group>"; };
		3E0FA82D5AAAA30605E82602 /* libPods-CrashSymbolicater.a */ = {isa = PBXFileReference; explicitFileType = archive.ar; includeInIndex = 0; path = "libPods-CrashSymbolicater.a"; sourceTree = BUILT_PRODUCTS_DIR; };
		6D8A754ED587D3F57BCBE09B /* Pods-CrashSymbolicaterUITests.release.xcconfig */ = {isa = PBXFileReference; includeInIndex = 1; lastKnownFileType = text.xcconfig; name = "Pods-CrashSymbolicaterUITests.release.xcconfig"; path = "Pods/Target Support Files/Pods-CrashSymbolicaterUITests/Pods-CrashSymbolicaterUITests.release.xcconfig"; sourceTree = "<group>"; };
		75E5951C7CD2B625C6DD9AD3 /* libPods-CrashSymbolicaterUITests.a */ = {isa = PBXFileReference; explicitFileType = archive.ar; includeInIndex = 0; path = "libPods-CrashSymbolicaterUITests.a"; sourceTree = BUILT_PRODUCTS_DIR; };
		76859493C7D5E7C137DE818D /* Pods-CrashSymbolicater.debug.xcconfig */ = {isa = PBXFileReference; includeInIndex = 1; lastKnownFileType = text.xcconfig; name = "Pods-CrashSymbolicater.debug.xcconfig"; path = "Pods/Target Support Files/Pods-CrashSymbolicater/Pods-CrashSymbolicater.debug.xcconfig"; sourceTree = "<group>"; };
		8012E16752C66E0EFFC4EDB2 /* Pods-CrashSymbolicaterTests.release.xcconfig */ = {isa = PBXFileReference; includeInIndex = 1; lastKnownFileType = text.xcconfig; name = "Pods-CrashSymbolicaterTests.release.xcconfig"; path = "Pods/Target Support Files/Pods-CrashSymbolicaterTests/Pods-CrashSymbolicaterTests.release.xcconfig"; sourceTree = "<group>"; };
		99B479D97A1430A0E4037881 /* libPods-CrashSymbolicaterTests.a */ = {isa = PBXFileReference; explicitFileType = archive.ar; includeInIndex = 0; path = "libPods-CrashSymbolicaterTests.a"; sourceTree = BUILT_PRODUCTS_DIR; };
		B754D9E6971B8369A331F982 /* Pods-CrashSymbolicaterUITests.debug.xcconfig */ = {isa = PBXFileReference; includeInIndex = 1; lastKnownFileType = text.xcconfig; name = "Pods-CrashSymbolicaterUITests.debug.xcconfig"; path = "Pods/Target Support Files/Pods-CrashSymbolicaterUITests/Pods-CrashSymbolicaterUITests.debug.xcconfig"; sourceTree = "<group>"; };
		E1FECFE1A7D890353A5AAC90 /* Pods-CrashSymbolicater.release.xcconfig */ = {isa = PBXFileReference; includeInIndex = 1; lastKnownFileType = text.xcconfig; name = "Pods-CrashSymbolicater.release.xcconfig"; path = "Pods/Target Support Files/Pods-CrashSymbolicater/Pods-CrashSymbolicater.release.xcconfig"; sourceTree = "<group>"; };
/* End PBXFileReference section */

/* Begin PBXFrameworksBuildPhase section */
		0EBCCC441D8D57ED0057EE20 /* Frameworks */ = {
			isa = PBXFrameworksBuildPhase;
			buildActionMask = 2147483647;
			files = (
				861CBF28FEFE4527F997970F /* libPods-CrashSymbolicater.a in Frameworks */,
			);
			runOnlyForDeploymentPostprocessing = 0;
		};
		0EBCCC5A1D8D57EE0057EE20 /* Frameworks */ = {
			isa = PBXFrameworksBuildPhase;
			buildActionMask = 2147483647;
			files = (
				0CCB2FDA55548228A2EDA5D0 /* libPods-CrashSymbolicaterTests.a in Frameworks */,
			);
			runOnlyForDeploymentPostprocessing = 0;
		};
		0EBCCC651D8D57EE0057EE20 /* Frameworks */ = {
			isa = PBXFrameworksBuildPhase;
			buildActionMask = 2147483647;
			files = (
				10DB9BBF39F1C835450AFE22 /* libPods-CrashSymbolicaterUITests.a in Frameworks */,
			);
			runOnlyForDeploymentPostprocessing = 0;
		};
/* End PBXFrameworksBuildPhase section */

/* Begin PBXGroup section */
		0E0A37831D97673D002A3D6A /* Vender */ = {
			isa = PBXGroup;
			children = (
			);
			name = Vender;
			sourceTree = "<group>";
		};
		0EBCCC3E1D8D57ED0057EE20 = {
			isa = PBXGroup;
			children = (
				0EBCCC491D8D57ED0057EE20 /* CrashSymbolicater */,
				0EBCCC601D8D57EE0057EE20 /* CrashSymbolicaterTests */,
				0EBCCC6B1D8D57EE0057EE20 /* CrashSymbolicaterUITests */,
				0EBCCC481D8D57ED0057EE20 /* Products */,
				36BEDBBD8BC8A48EF6A218C1 /* Pods */,
				62776334580EAC5D109922C3 /* Frameworks */,
			);
			sourceTree = "<group>";
		};
		0EBCCC481D8D57ED0057EE20 /* Products */ = {
			isa = PBXGroup;
			children = (
				0EBCCC471D8D57ED0057EE20 /* CrashSymbolicater.app */,
				0EBCCC5D1D8D57EE0057EE20 /* CrashSymbolicaterTests.xctest */,
				0EBCCC681D8D57EE0057EE20 /* CrashSymbolicaterUITests.xctest */,
			);
			name = Products;
			sourceTree = "<group>";
		};
		0EBCCC491D8D57ED0057EE20 /* CrashSymbolicater */ = {
			isa = PBXGroup;
			children = (
				0E0A37841D977008002A3D6A /* MBProgressHUD.h */,
				0E0A37851D977008002A3D6A /* MBProgressHUD.m */,
				0EBCCC4A1D8D57ED0057EE20 /* AppDelegate.h */,
				0EBCCC4B1D8D57ED0057EE20 /* AppDelegate.m */,
				0EBCCC501D8D57ED0057EE20 /* CrashSymbolicaterViewController.h */,
				0EBCCC511D8D57ED0057EE20 /* CrashSymbolicaterViewController.m */,
				0E4AAAB41D97D84200409839 /* UmengCrashParserViewController.h */,
				0E4AAAB51D97D84200409839 /* UmengCrashParserViewController.m */,
				0E8CE77B1D96EEFA00D739F1 /* DragView.h */,
				0E8CE77C1D96EEFA00D739F1 /* DragView.m */,
				0E0A37831D97673D002A3D6A /* Vender */,
				0EBCCC531D8D57ED0057EE20 /* Assets.xcassets */,
				0EBCCC551D8D57ED0057EE20 /* Main.storyboard */,
				0EBCCC581D8D57ED0057EE20 /* Info.plist */,
				0EBCCC4D1D8D57ED0057EE20 /* Supporting Files */,
				0E0A37871D977015002A3D6A /* MBProgressHUD+Addition.h */,
				0E0A37881D977015002A3D6A /* MBProgressHUD+Addition.m */,
			);
			path = CrashSymbolicater;
			sourceTree = "<group>";
		};
		0EBCCC4D1D8D57ED0057EE20 /* Supporting Files */ = {
			isa = PBXGroup;
			children = (
				0E65D68B1D95A374007B974D /* symbolicatecrash */,
				0EBCCC4E1D8D57ED0057EE20 /* main.m */,
			);
			name = "Supporting Files";
			sourceTree = "<group>";
		};
		0EBCCC601D8D57EE0057EE20 /* CrashSymbolicaterTests */ = {
			isa = PBXGroup;
			children = (
				0EBCCC611D8D57EE0057EE20 /* CrashSymbolicaterTests.m */,
				0EBCCC631D8D57EE0057EE20 /* Info.plist */,
			);
			path = CrashSymbolicaterTests;
			sourceTree = "<group>";
		};
		0EBCCC6B1D8D57EE0057EE20 /* CrashSymbolicaterUITests */ = {
			isa = PBXGroup;
			children = (
				0EBCCC6C1D8D57EE0057EE20 /* CrashSymbolicaterUITests.m */,
				0EBCCC6E1D8D57EE0057EE20 /* Info.plist */,
			);
			path = CrashSymbolicaterUITests;
			sourceTree = "<group>";
		};
		36BEDBBD8BC8A48EF6A218C1 /* Pods */ = {
			isa = PBXGroup;
			children = (
				76859493C7D5E7C137DE818D /* Pods-CrashSymbolicater.debug.xcconfig */,
				E1FECFE1A7D890353A5AAC90 /* Pods-CrashSymbolicater.release.xcconfig */,
				03EAF3B3F7ED4D1E790793C1 /* Pods-CrashSymbolicaterTests.debug.xcconfig */,
				8012E16752C66E0EFFC4EDB2 /* Pods-CrashSymbolicaterTests.release.xcconfig */,
				B754D9E6971B8369A331F982 /* Pods-CrashSymbolicaterUITests.debug.xcconfig */,
				6D8A754ED587D3F57BCBE09B /* Pods-CrashSymbolicaterUITests.release.xcconfig */,
			);
			name = Pods;
			sourceTree = "<group>";
		};
		62776334580EAC5D109922C3 /* Frameworks */ = {
			isa = PBXGroup;
			children = (
				3E0FA82D5AAAA30605E82602 /* libPods-CrashSymbolicater.a */,
				99B479D97A1430A0E4037881 /* libPods-CrashSymbolicaterTests.a */,
				75E5951C7CD2B625C6DD9AD3 /* libPods-CrashSymbolicaterUITests.a */,
			);
			name = Frameworks;
			sourceTree = "<group>";
		};
/* End PBXGroup section */

/* Begin PBXNativeTarget section */
		0EBCCC461D8D57ED0057EE20 /* CrashSymbolicater */ = {
			isa = PBXNativeTarget;
			buildConfigurationList = 0EBCCC711D8D57EE0057EE20 /* Build configuration list for PBXNativeTarget "CrashSymbolicater" */;
			buildPhases = (
				B43762E3E0F329FAC8A89586 /* [CP] Check Pods Manifest.lock */,
				0EBCCC431D8D57ED0057EE20 /* Sources */,
				0EBCCC441D8D57ED0057EE20 /* Frameworks */,
				0EBCCC451D8D57ED0057EE20 /* Resources */,
				3E0E93066141D2DAE967AEC8 /* [CP] Embed Pods Frameworks */,
				69E15576D3832A97868E4F52 /* [CP] Copy Pods Resources */,
			);
			buildRules = (
			);
			dependencies = (
			);
			name = CrashSymbolicater;
			productName = CrashSymbolicater;
			productReference = 0EBCCC471D8D57ED0057EE20 /* CrashSymbolicater.app */;
			productType = "com.apple.product-type.application";
		};
		0EBCCC5C1D8D57EE0057EE20 /* CrashSymbolicaterTests */ = {
			isa = PBXNativeTarget;
			buildConfigurationList = 0EBCCC741D8D57EE0057EE20 /* Build configuration list for PBXNativeTarget "CrashSymbolicaterTests" */;
			buildPhases = (
				36775AA0A5B2EB5D9E6DEB7E /* [CP] Check Pods Manifest.lock */,
				0EBCCC591D8D57EE0057EE20 /* Sources */,
				0EBCCC5A1D8D57EE0057EE20 /* Frameworks */,
				0EBCCC5B1D8D57EE0057EE20 /* Resources */,
				2768A406AA3341D7C08D6415 /* [CP] Embed Pods Frameworks */,
				E9E4A3AC49DCC0422CA72ADA /* [CP] Copy Pods Resources */,
			);
			buildRules = (
			);
			dependencies = (
				0EBCCC5F1D8D57EE0057EE20 /* PBXTargetDependency */,
			);
			name = CrashSymbolicaterTests;
			productName = CrashSymbolicaterTests;
			productReference = 0EBCCC5D1D8D57EE0057EE20 /* CrashSymbolicaterTests.xctest */;
			productType = "com.apple.product-type.bundle.unit-test";
		};
		0EBCCC671D8D57EE0057EE20 /* CrashSymbolicaterUITests */ = {
			isa = PBXNativeTarget;
			buildConfigurationList = 0EBCCC771D8D57EE0057EE20 /* Build configuration list for PBXNativeTarget "CrashSymbolicaterUITests" */;
			buildPhases = (
				C3F6235BB47673E790F4F97A /* [CP] Check Pods Manifest.lock */,
				0EBCCC641D8D57EE0057EE20 /* Sources */,
				0EBCCC651D8D57EE0057EE20 /* Frameworks */,
				0EBCCC661D8D57EE0057EE20 /* Resources */,
				FF983FFBB45C7641844EDD93 /* [CP] Copy Pods Resources */,
			);
			buildRules = (
			);
			dependencies = (
				0EBCCC6A1D8D57EE0057EE20 /* PBXTargetDependency */,
			);
			name = CrashSymbolicaterUITests;
			productName = CrashSymbolicaterUITests;
			productReference = 0EBCCC681D8D57EE0057EE20 /* CrashSymbolicaterUITests.xctest */;
			productType = "com.apple.product-type.bundle.ui-testing";
		};
/* End PBXNativeTarget section */

/* Begin PBXProject section */
		0EBCCC3F1D8D57ED0057EE20 /* Project object */ = {
			isa = PBXProject;
			attributes = {
				LastUpgradeCheck = 0800;
				ORGANIZATIONNAME = iShawnWang;
				TargetAttributes = {
					0EBCCC461D8D57ED0057EE20 = {
						CreatedOnToolsVersion = 8.0;
						DevelopmentTeam = NK43D9F8MS;
						ProvisioningStyle = Automatic;
					};
					0EBCCC5C1D8D57EE0057EE20 = {
						CreatedOnToolsVersion = 8.0;
						DevelopmentTeam = NK43D9F8MS;
						ProvisioningStyle = Automatic;
						TestTargetID = 0EBCCC461D8D57ED0057EE20;
					};
					0EBCCC671D8D57EE0057EE20 = {
						CreatedOnToolsVersion = 8.0;
						DevelopmentTeam = NK43D9F8MS;
						ProvisioningStyle = Automatic;
						TestTargetID = 0EBCCC461D8D57ED0057EE20;
					};
				};
			};
			buildConfigurationList = 0EBCCC421D8D57ED0057EE20 /* Build configuration list for PBXProject "CrashSymbolicater" */;
			compatibilityVersion = "Xcode 3.2";
			developmentRegion = English;
			hasScannedForEncodings = 0;
			knownRegions = (
				en,
				Base,
			);
			mainGroup = 0EBCCC3E1D8D57ED0057EE20;
			productRefGroup = 0EBCCC481D8D57ED0057EE20 /* Products */;
			projectDirPath = "";
			projectRoot = "";
			targets = (
				0EBCCC461D8D57ED0057EE20 /* CrashSymbolicater */,
				0EBCCC5C1D8D57EE0057EE20 /* CrashSymbolicaterTests */,
				0EBCCC671D8D57EE0057EE20 /* CrashSymbolicaterUITests */,
			);
		};
/* End PBXProject section */

/* Begin PBXResourcesBuildPhase section */
		0EBCCC451D8D57ED0057EE20 /* Resources */ = {
			isa = PBXResourcesBuildPhase;
			buildActionMask = 2147483647;
			files = (
				0EBCCC541D8D57ED0057EE20 /* Assets.xcassets in Resources */,
				0EBCCC571D8D57ED0057EE20 /* Main.storyboard in Resources */,
				0E65D68C1D95A374007B974D /* symbolicatecrash in Resources */,
			);
			runOnlyForDeploymentPostprocessing = 0;
		};
		0EBCCC5B1D8D57EE0057EE20 /* Resources */ = {
			isa = PBXResourcesBuildPhase;
			buildActionMask = 2147483647;
			files = (
			);
			runOnlyForDeploymentPostprocessing = 0;
		};
		0EBCCC661D8D57EE0057EE20 /* Resources */ = {
			isa = PBXResourcesBuildPhase;
			buildActionMask = 2147483647;
			files = (
			);
			runOnlyForDeploymentPostprocessing = 0;
		};
/* End PBXResourcesBuildPhase section */

/* Begin PBXShellScriptBuildPhase section */
		2768A406AA3341D7C08D6415 /* [CP] Embed Pods Frameworks */ = {
			isa = PBXShellScriptBuildPhase;
			buildActionMask = 2147483647;
			files = (
			);
			inputPaths = (
			);
			name = "[CP] Embed Pods Frameworks";
			outputPaths = (
			);
			runOnlyForDeploymentPostprocessing = 0;
			shellPath = /bin/sh;
			shellScript = "\"${SRCROOT}/Pods/Target Support Files/Pods-CrashSymbolicaterTests/Pods-CrashSymbolicaterTests-frameworks.sh\"\n";
			showEnvVarsInLog = 0;
		};
		36775AA0A5B2EB5D9E6DEB7E /* [CP] Check Pods Manifest.lock */ = {
			isa = PBXShellScriptBuildPhase;
			buildActionMask = 2147483647;
			files = (
			);
			inputPaths = (
			);
			name = "[CP] Check Pods Manifest.lock";
			outputPaths = (
			);
			runOnlyForDeploymentPostprocessing = 0;
			shellPath = /bin/sh;
			shellScript = "diff \"${PODS_ROOT}/../Podfile.lock\" \"${PODS_ROOT}/Manifest.lock\" > /dev/null\nif [[ $? != 0 ]] ; then\n    cat << EOM\nerror: The sandbox is not in sync with the Podfile.lock. Run 'pod install' or update your CocoaPods installation.\nEOM\n    exit 1\nfi\n";
			showEnvVarsInLog = 0;
		};
		3E0E93066141D2DAE967AEC8 /* [CP] Embed Pods Frameworks */ = {
			isa = PBXShellScriptBuildPhase;
			buildActionMask = 2147483647;
			files = (
			);
			inputPaths = (
			);
			name = "[CP] Embed Pods Frameworks";
			outputPaths = (
			);
			runOnlyForDeploymentPostprocessing = 0;
			shellPath = /bin/sh;
			shellScript = "\"${SRCROOT}/Pods/Target Support Files/Pods-CrashSymbolicater/Pods-CrashSymbolicater-frameworks.sh\"\n";
			showEnvVarsInLog = 0;
		};
		69E15576D3832A97868E4F52 /* [CP] Copy Pods Resources */ = {
			isa = PBXShellScriptBuildPhase;
			buildActionMask = 2147483647;
			files = (
			);
			inputPaths = (
			);
			name = "[CP] Copy Pods Resources";
			outputPaths = (
			);
			runOnlyForDeploymentPostprocessing = 0;
			shellPath = /bin/sh;
			shellScript = "\"${SRCROOT}/Pods/Target Support Files/Pods-CrashSymbolicater/Pods-CrashSymbolicater-resources.sh\"\n";
			showEnvVarsInLog = 0;
		};
		B43762E3E0F329FAC8A89586 /* [CP] Check Pods Manifest.lock */ = {
			isa = PBXShellScriptBuildPhase;
			buildActionMask = 2147483647;
			files = (
			);
			inputPaths = (
			);
			name = "[CP] Check Pods Manifest.lock";
			outputPaths = (
			);
			runOnlyForDeploymentPostprocessing = 0;
			shellPath = /bin/sh;
			shellScript = "diff \"${PODS_ROOT}/../Podfile.lock\" \"${PODS_ROOT}/Manifest.lock\" > /dev/null\nif [[ $? != 0 ]] ; then\n    cat << EOM\nerror: The sandbox is not in sync with the Podfile.lock. Run 'pod install' or update your CocoaPods installation.\nEOM\n    exit 1\nfi\n";
			showEnvVarsInLog = 0;
		};
		C3F6235BB47673E790F4F97A /* [CP] Check Pods Manifest.lock */ = {
			isa = PBXShellScriptBuildPhase;
			buildActionMask = 2147483647;
			files = (
			);
			inputPaths = (
			);
			name = "[CP] Check Pods Manifest.lock";
			outputPaths = (
			);
			runOnlyForDeploymentPostprocessing = 0;
			shellPath = /bin/sh;
			shellScript = "diff \"${PODS_ROOT}/../Podfile.lock\" \"${PODS_ROOT}/Manifest.lock\" > /dev/null\nif [[ $? != 0 ]] ; then\n    cat << EOM\nerror: The sandbox is not in sync with the Podfile.lock. Run 'pod install' or update your CocoaPods installation.\nEOM\n    exit 1\nfi\n";
			showEnvVarsInLog = 0;
		};
		E9E4A3AC49DCC0422CA72ADA /* [CP] Copy Pods Resources */ = {
			isa = PBXShellScriptBuildPhase;
			buildActionMask = 2147483647;
			files = (
			);
			inputPaths = (
			);
			name = "[CP] Copy Pods Resources";
			outputPaths = (
			);
			runOnlyForDeploymentPostprocessing = 0;
			shellPath = /bin/sh;
			shellScript = "\"${SRCROOT}/Pods/Target Support Files/Pods-CrashSymbolicaterTests/Pods-CrashSymbolicaterTests-resources.sh\"\n";
			showEnvVarsInLog = 0;
		};
		FF983FFBB45C7641844EDD93 /* [CP] Copy Pods Resources */ = {
			isa = PBXShellScriptBuildPhase;
			buildActionMask = 2147483647;
			files = (
			);
			inputPaths = (
			);
			name = "[CP] Copy Pods Resources";
			outputPaths = (
			);
			runOnlyForDeploymentPostprocessing = 0;
			shellPath = /bin/sh;
			shellScript = "\"${SRCROOT}/Pods/Target Support Files/Pods-CrashSymbolicaterUITests/Pods-CrashSymbolicaterUITests-resources.sh\"\n";
			showEnvVarsInLog = 0;
		};
/* End PBXShellScriptBuildPhase section */

/* Begin PBXSourcesBuildPhase section */
		0EBCCC431D8D57ED0057EE20 /* Sources */ = {
			isa = PBXSourcesBuildPhase;
			buildActionMask = 2147483647;
			files = (
				0E4AAAB61D97D84200409839 /* UmengCrashParserViewController.m in Sources */,
				0EBCCC521D8D57ED0057EE20 /* CrashSymbolicaterViewController.m in Sources */,
				0EBCCC4F1D8D57ED0057EE20 /* main.m in Sources */,
				0E0A37861D977008002A3D6A /* MBProgressHUD.m in Sources */,
				0E8CE77F1D96EEFA00D739F1 /* DragView.m in Sources */,
				0EBCCC4C1D8D57ED0057EE20 /* AppDelegate.m in Sources */,
				0E0A37891D977015002A3D6A /* MBProgressHUD+Addition.m in Sources */,
			);
			runOnlyForDeploymentPostprocessing = 0;
		};
		0EBCCC591D8D57EE0057EE20 /* Sources */ = {
			isa = PBXSourcesBuildPhase;
			buildActionMask = 2147483647;
			files = (
				0EBCCC621D8D57EE0057EE20 /* CrashSymbolicaterTests.m in Sources */,
			);
			runOnlyForDeploymentPostprocessing = 0;
		};
		0EBCCC641D8D57EE0057EE20 /* Sources */ = {
			isa = PBXSourcesBuildPhase;
			buildActionMask = 2147483647;
			files = (
				0EBCCC6D1D8D57EE0057EE20 /* CrashSymbolicaterUITests.m in Sources */,
			);
			runOnlyForDeploymentPostprocessing = 0;
		};
/* End PBXSourcesBuildPhase section */

/* Begin PBXTargetDependency section */
		0EBCCC5F1D8D57EE0057EE20 /* PBXTargetDependency */ = {
			isa = PBXTargetDependency;
			target = 0EBCCC461D8D57ED0057EE20 /* CrashSymbolicater */;
			targetProxy = 0EBCCC5E1D8D57EE0057EE20 /* PBXContainerItemProxy */;
		};
		0EBCCC6A1D8D57EE0057EE20 /* PBXTargetDependency */ = {
			isa = PBXTargetDependency;
			target = 0EBCCC461D8D57ED0057EE20 /* CrashSymbolicater */;
			targetProxy = 0EBCCC691D8D57EE0057EE20 /* PBXContainerItemProxy */;
		};
/* End PBXTargetDependency section */

/* Begin PBXVariantGroup section */
		0EBCCC551D8D57ED0057EE20 /* Main.storyboard */ = {
			isa = PBXVariantGroup;
			children = (
				0EBCCC561D8D57ED0057EE20 /* Base */,
			);
			name = Main.storyboard;
			sourceTree = "<group>";
		};
/* End PBXVariantGroup section */

/* Begin XCBuildConfiguration section */
		0EBCCC6F1D8D57EE0057EE20 /* Debug */ = {
			isa = XCBuildConfiguration;
			buildSettings = {
				ALWAYS_SEARCH_USER_PATHS = NO;
				CLANG_ANALYZER_NONNULL = YES;
				CLANG_CXX_LANGUAGE_STANDARD = "gnu++0x";
				CLANG_CXX_LIBRARY = "libc++";
				CLANG_ENABLE_MODULES = YES;
				CLANG_ENABLE_OBJC_ARC = YES;
				CLANG_WARN_BOOL_CONVERSION = YES;
				CLANG_WARN_CONSTANT_CONVERSION = YES;
				CLANG_WARN_DIRECT_OBJC_ISA_USAGE = YES_ERROR;
				CLANG_WARN_DOCUMENTATION_COMMENTS = YES;
				CLANG_WARN_EMPTY_BODY = YES;
				CLANG_WARN_ENUM_CONVERSION = YES;
				CLANG_WARN_INFINITE_RECURSION = YES;
				CLANG_WARN_INT_CONVERSION = YES;
				CLANG_WARN_OBJC_ROOT_CLASS = YES_ERROR;
				CLANG_WARN_SUSPICIOUS_MOVES = YES;
				CLANG_WARN_UNREACHABLE_CODE = YES;
				CLANG_WARN__DUPLICATE_METHOD_MATCH = YES;
				CODE_SIGN_IDENTITY = "-";
				COPY_PHASE_STRIP = NO;
				DEBUG_INFORMATION_FORMAT = dwarf;
				ENABLE_STRICT_OBJC_MSGSEND = YES;
				ENABLE_TESTABILITY = YES;
				GCC_C_LANGUAGE_STANDARD = gnu99;
				GCC_DYNAMIC_NO_PIC = NO;
				GCC_NO_COMMON_BLOCKS = YES;
				GCC_OPTIMIZATION_LEVEL = 0;
				GCC_PREPROCESSOR_DEFINITIONS = (
					"DEBUG=1",
					"$(inherited)",
				);
				GCC_WARN_64_TO_32_BIT_CONVERSION = YES;
				GCC_WARN_ABOUT_RETURN_TYPE = YES_ERROR;
				GCC_WARN_UNDECLARED_SELECTOR = YES;
				GCC_WARN_UNINITIALIZED_AUTOS = YES_AGGRESSIVE;
				GCC_WARN_UNUSED_FUNCTION = YES;
				GCC_WARN_UNUSED_VARIABLE = YES;
				MACOSX_DEPLOYMENT_TARGET = 10.11;
				MTL_ENABLE_DEBUG_INFO = YES;
				ONLY_ACTIVE_ARCH = YES;
				SDKROOT = macosx;
			};
			name = Debug;
		};
		0EBCCC701D8D57EE0057EE20 /* Release */ = {
			isa = XCBuildConfiguration;
			buildSettings = {
				ALWAYS_SEARCH_USER_PATHS = NO;
				CLANG_ANALYZER_NONNULL = YES;
				CLANG_CXX_LANGUAGE_STANDARD = "gnu++0x";
				CLANG_CXX_LIBRARY = "libc++";
				CLANG_ENABLE_MODULES = YES;
				CLANG_ENABLE_OBJC_ARC = YES;
				CLANG_WARN_BOOL_CONVERSION = YES;
				CLANG_WARN_CONSTANT_CONVERSION = YES;
				CLANG_WARN_DIRECT_OBJC_ISA_USAGE = YES_ERROR;
				CLANG_WARN_DOCUMENTATION_COMMENTS = YES;
				CLANG_WARN_EMPTY_BODY = YES;
				CLANG_WARN_ENUM_CONVERSION = YES;
				CLANG_WARN_INFINITE_RECURSION = YES;
				CLANG_WARN_INT_CONVERSION = YES;
				CLANG_WARN_OBJC_ROOT_CLASS = YES_ERROR;
				CLANG_WARN_SUSPICIOUS_MOVES = YES;
				CLANG_WARN_UNREACHABLE_CODE = YES;
				CLANG_WARN__DUPLICATE_METHOD_MATCH = YES;
				CODE_SIGN_IDENTITY = "-";
				COPY_PHASE_STRIP = NO;
				DEBUG_INFORMATION_FORMAT = "dwarf-with-dsym";
				ENABLE_NS_ASSERTIONS = NO;
				ENABLE_STRICT_OBJC_MSGSEND = YES;
				GCC_C_LANGUAGE_STANDARD = gnu99;
				GCC_NO_COMMON_BLOCKS = YES;
				GCC_WARN_64_TO_32_BIT_CONVERSION = YES;
				GCC_WARN_ABOUT_RETURN_TYPE = YES_ERROR;
				GCC_WARN_UNDECLARED_SELECTOR = YES;
				GCC_WARN_UNINITIALIZED_AUTOS = YES_AGGRESSIVE;
				GCC_WARN_UNUSED_FUNCTION = YES;
				GCC_WARN_UNUSED_VARIABLE = YES;
				MACOSX_DEPLOYMENT_TARGET = 10.11;
				MTL_ENABLE_DEBUG_INFO = NO;
				SDKROOT = macosx;
			};
			name = Release;
		};
		0EBCCC721D8D57EE0057EE20 /* Debug */ = {
			isa = XCBuildConfiguration;
			baseConfigurationReference = 76859493C7D5E7C137DE818D /* Pods-CrashSymbolicater.debug.xcconfig */;
			buildSettings = {
				ASSETCATALOG_COMPILER_APPICON_NAME = AppIcon;
				COMBINE_HIDPI_IMAGES = YES;
				DEVELOPMENT_TEAM = NK43D9F8MS;
				INFOPLIST_FILE = CrashSymbolicater/Info.plist;
				LD_RUNPATH_SEARCH_PATHS = "$(inherited) @executable_path/../Frameworks";
				PRODUCT_BUNDLE_IDENTIFIER = iShawnWang.CrashSymbolicater;
				PRODUCT_NAME = "$(TARGET_NAME)";
			};
			name = Debug;
		};
		0EBCCC731D8D57EE0057EE20 /* Release */ = {
			isa = XCBuildConfiguration;
			baseConfigurationReference = E1FECFE1A7D890353A5AAC90 /* Pods-CrashSymbolicater.release.xcconfig */;
			buildSettings = {
				ASSETCATALOG_COMPILER_APPICON_NAME = AppIcon;
				COMBINE_HIDPI_IMAGES = YES;
				DEVELOPMENT_TEAM = NK43D9F8MS;
				INFOPLIST_FILE = CrashSymbolicater/Info.plist;
				LD_RUNPATH_SEARCH_PATHS = "$(inherited) @executable_path/../Frameworks";
				PRODUCT_BUNDLE_IDENTIFIER = iShawnWang.CrashSymbolicater;
				PRODUCT_NAME = "$(TARGET_NAME)";
			};
			name = Release;
		};
		0EBCCC751D8D57EE0057EE20 /* Debug */ = {
			isa = XCBuildConfiguration;
			baseConfigurationReference = 03EAF3B3F7ED4D1E790793C1 /* Pods-CrashSymbolicaterTests.debug.xcconfig */;
			buildSettings = {
				BUNDLE_LOADER = "$(TEST_HOST)";
				COMBINE_HIDPI_IMAGES = YES;
				DEVELOPMENT_TEAM = NK43D9F8MS;
				INFOPLIST_FILE = CrashSymbolicaterTests/Info.plist;
				LD_RUNPATH_SEARCH_PATHS = "$(inherited) @executable_path/../Frameworks @loader_path/../Frameworks";
				PRODUCT_BUNDLE_IDENTIFIER = iShawnWang.CrashSymbolicaterTests;
				PRODUCT_NAME = "$(TARGET_NAME)";
				TEST_HOST = "$(BUILT_PRODUCTS_DIR)/CrashSymbolicater.app/Contents/MacOS/CrashSymbolicater";
			};
			name = Debug;
		};
		0EBCCC761D8D57EE0057EE20 /* Release */ = {
			isa = XCBuildConfiguration;
			baseConfigurationReference = 8012E16752C66E0EFFC4EDB2 /* Pods-CrashSymbolicaterTests.release.xcconfig */;
			buildSettings = {
				BUNDLE_LOADER = "$(TEST_HOST)";
				COMBINE_HIDPI_IMAGES = YES;
				DEVELOPMENT_TEAM = NK43D9F8MS;
				INFOPLIST_FILE = CrashSymbolicaterTests/Info.plist;
				LD_RUNPATH_SEARCH_PATHS = "$(inherited) @executable_path/../Frameworks @loader_path/../Frameworks";
				PRODUCT_BUNDLE_IDENTIFIER = iShawnWang.CrashSymbolicaterTests;
				PRODUCT_NAME = "$(TARGET_NAME)";
				TEST_HOST = "$(BUILT_PRODUCTS_DIR)/CrashSymbolicater.app/Contents/MacOS/CrashSymbolicater";
			};
			name = Release;
		};
		0EBCCC781D8D57EE0057EE20 /* Debug */ = {
			isa = XCBuildConfiguration;
			baseConfigurationReference = B754D9E6971B8369A331F982 /* Pods-CrashSymbolicaterUITests.debug.xcconfig */;
			buildSettings = {
				COMBINE_HIDPI_IMAGES = YES;
				DEVELOPMENT_TEAM = NK43D9F8MS;
				INFOPLIST_FILE = CrashSymbolicaterUITests/Info.plist;
				LD_RUNPATH_SEARCH_PATHS = "$(inherited) @executable_path/../Frameworks @loader_path/../Frameworks";
				PRODUCT_BUNDLE_IDENTIFIER = iShawnWang.CrashSymbolicaterUITests;
				PRODUCT_NAME = "$(TARGET_NAME)";
				TEST_TARGET_NAME = CrashSymbolicater;
			};
			name = Debug;
		};
		0EBCCC791D8D57EE0057EE20 /* Release */ = {
			isa = XCBuildConfiguration;
			baseConfigurationReference = 6D8A754ED587D3F57BCBE09B /* Pods-CrashSymbolicaterUITests.release.xcconfig */;
			buildSettings = {
				COMBINE_HIDPI_IMAGES = YES;
				DEVELOPMENT_TEAM = NK43D9F8MS;
				INFOPLIST_FILE = CrashSymbolicaterUITests/Info.plist;
				LD_RUNPATH_SEARCH_PATHS = "$(inherited) @executable_path/../Frameworks @loader_path/../Frameworks";
				PRODUCT_BUNDLE_IDENTIFIER = iShawnWang.CrashSymbolicaterUITests;
				PRODUCT_NAME = "$(TARGET_NAME)";
				TEST_TARGET_NAME = CrashSymbolicater;
			};
			name = Release;
		};
/* End XCBuildConfiguration section */

/* Begin XCConfigurationList section */
		0EBCCC421D8D57ED0057EE20 /* Build configuration list for PBXProject "CrashSymbolicater" */ = {
			isa = XCConfigurationList;
			buildConfigurations = (
				0EBCCC6F1D8D57EE0057EE20 /* Debug */,
				0EBCCC701D8D57EE0057EE20 /* Release */,
			);
			defaultConfigurationIsVisible = 0;
			defaultConfigurationName = Release;
		};
		0EBCCC711D8D57EE0057EE20 /* Build configuration list for PBXNativeTarget "CrashSymbolicater" */ = {
			isa = XCConfigurationList;
			buildConfigurations = (
				0EBCCC721D8D57EE0057EE20 /* Debug */,
				0EBCCC731D8D57EE0057EE20 /* Release */,
			);
			defaultConfigurationIsVisible = 0;
			defaultConfigurationName = Release;
		};
		0EBCCC741D8D57EE0057EE20 /* Build configuration list for PBXNativeTarget "CrashSymbolicaterTests" */ = {
			isa = XCConfigurationList;
			buildConfigurations = (
				0EBCCC751D8D57EE0057EE20 /* Debug */,
				0EBCCC761D8D57EE0057EE20 /* Release */,
			);
			defaultConfigurationIsVisible = 0;
			defaultConfigurationName = Release;
		};
		0EBCCC771D8D57EE0057EE20 /* Build configuration list for PBXNativeTarget "CrashSymbolicaterUITests" */ = {
			isa = XCConfigurationList;
			buildConfigurations = (
				0EBCCC781D8D57EE0057EE20 /* Debug */,
				0EBCCC791D8D57EE0057EE20 /* Release */,
			);
			defaultConfigurationIsVisible = 0;
			defaultConfigurationName = Release;
		};
/* End XCConfigurationList section */
	};
	rootObject = 0EBCCC3F1D8D57ED0057EE20 /* Project object */;
}
